
Microsoft Visual Studio Solution File, Format Version 12.00
# Visual Studio Version 16
VisualStudioVersion = 16.0.29519.87
MinimumVisualStudioVersion = 10.0.40219.1
Project("{9A19103F-16F7-4668-BE54-9A1E7A4F7556}") = "IoCContainerComparison.Tests", "IoCContainerComparisonTests\IoCContainerComparison.Tests.csproj", "{D5B8B8E8-186B-45DB-BBA5-49B6CE146995}"
EndProject
Project("{FAE04EC0-301F-11D3-BF4B-00C04F79EFBC}") = "IoCContainerComparison.Web.Tests", "IoCContainerComparison.Web.Tests\IoCContainerComparison.Web.Tests.csproj", "{407C966D-9547-42F9-9C48-7D382E269939}"
EndProject
Global
	GlobalSection(SolutionConfigurationPlatforms) = preSolution
		Debug|Any CPU = Debug|Any CPU
		Release|Any CPU = Release|Any CPU
	EndGlobalSection
	GlobalSection(ProjectConfigurationPlatforms) = postSolution
		{D5B8B8E8-186B-45DB-BBA5-49B6CE146995}.Debug|Any CPU.ActiveCfg = Debug|Any CPU
		{D5B8B8E8-186B-45DB-BBA5-49B6CE146995}.Debug|Any CPU.Build.0 = Debug|Any CPU
		{D5B8B8E8-186B-45DB-BBA5-49B6CE146995}.Release|Any CPU.ActiveCfg = Release|Any CPU
		{D5B8B8E8-186B-45DB-BBA5-49B6CE146995}.Release|Any CPU.Build.0 = Release|Any CPU
		{407C966D-9547-42F9-9C48-7D382E269939}.Debug|Any CPU.ActiveCfg = Debug|Any CPU
		{407C966D-9547-42F9-9C48-7D382E269939}.Debug|Any CPU.Build.0 = Debug|Any CPU
		{407C966D-9547-42F9-9C48-7D382E269939}.Release|Any CPU.ActiveCfg = Release|Any CPU
		{407C966D-9547-42F9-9C48-7D382E269939}.Release|Any CPU.Build.0 = Release|Any CPU
	EndGlobalSection
	GlobalSection(SolutionProperties) = preSolution
		HideSolutionNode = FALSE
	EndGlobalSection
	GlobalSection(ExtensibilityGlobals) = postSolution
		SolutionGuid = {5DCD08D8-5468-4959-925C-8496CF31B142}
	EndGlobalSection
EndGlobal
